
Microsoft Visual Studio Solution File, Format Version 12.00
# Visual Studio Version 16
VisualStudioVersion = 16.0.32106.194
MinimumVisualStudioVersion = 10.0.40219.1
Project("{FAE04EC0-301F-11D3-BF4B-00C04F79EFBC}") = "Ekzamen", "Ekzamen\Ekzamen.csproj", "{00AE3BFF-A65B-403B-8410-5E95B55AF448}"
EndProject
Project("{54435603-DBB4-11D2-8724-00A0C9A8B90C}") = "Салон красоты", "Салон красоты\Салон красоты.vdproj", "{4C85E973-FDB2-412F-ADA5-86297ADED460}"
EndProject
Global
	GlobalSection(SolutionConfigurationPlatforms) = preSolution
		Debug|Any CPU = Debug|Any CPU
		Release|Any CPU = Release|Any CPU
	EndGlobalSection
	GlobalSection(ProjectConfigurationPlatforms) = postSolution
		{00AE3BFF-A65B-403B-8410-5E95B55AF448}.Debug|Any CPU.ActiveCfg = Debug|Any CPU
		{00AE3BFF-A65B-403B-8410-5E95B55AF448}.Debug|Any CPU.Build.0 = Debug|Any CPU
		{00AE3BFF-A65B-403B-8410-5E95B55AF448}.Release|Any CPU.ActiveCfg = Release|Any CPU
		{00AE3BFF-A65B-403B-8410-5E95B55AF448}.Release|Any CPU.Build.0 = Release|Any CPU
		{4C85E973-FDB2-412F-ADA5-86297ADED460}.Debug|Any CPU.ActiveCfg = Debug
		{4C85E973-FDB2-412F-ADA5-86297ADED460}.Release|Any CPU.ActiveCfg = Release
	EndGlobalSection
	GlobalSection(SolutionProperties) = preSolution
		HideSolutionNode = FALSE
	EndGlobalSection
	GlobalSection(ExtensibilityGlobals) = postSolution
		SolutionGuid = {9E454AC7-CF8D-4BD4-82FD-710EBBBD4DA3}
	EndGlobalSection
EndGlobal
